
Microsoft Visual Studio Solution File, Format Version 12.00
# Visual Studio 2012
Project("{8BC9CEB8-8B4A-11D0-8D11-00A0C91BC942}") = "LevelZap", "LevelZap\LevelZap.vcxproj", "{2916757D-E196-4859-B9B1-0728691E3059}"
EndProject
Global
	GlobalSection(SolutionConfigurationPlatforms) = preSolution
		Debug.Register|Win32 = Debug.Register|Win32
		Debug.Register|x64 = Debug.Register|x64
		Debug.Test|Win32 = Debug.Test|Win32
		Debug.Test|x64 = Debug.Test|x64
		Debug|Win32 = Debug|Win32
		Debug|x64 = Debug|x64
		Release.Register|Win32 = Release.Register|Win32
		Release.Register|x64 = Release.Register|x64
		Release|Win32 = Release|Win32
		Release|x64 = Release|x64
	EndGlobalSection
	GlobalSection(ProjectConfigurationPlatforms) = postSolution
		{2916757D-E196-4859-B9B1-0728691E3059}.Debug.Register|Win32.ActiveCfg = Debug.Register|Win32
		{2916757D-E196-4859-B9B1-0728691E3059}.Debug.Register|Win32.Build.0 = Debug.Register|Win32
		{2916757D-E196-4859-B9B1-0728691E3059}.Debug.Register|x64.ActiveCfg = Debug.Register|x64
		{2916757D-E196-4859-B9B1-0728691E3059}.Debug.Register|x64.Build.0 = Debug.Register|x64
		{2916757D-E196-4859-B9B1-0728691E3059}.Debug.Test|Win32.ActiveCfg = Debug.Test|Win32
		{2916757D-E196-4859-B9B1-0728691E3059}.Debug.Test|Win32.Build.0 = Debug.Test|Win32
		{2916757D-E196-4859-B9B1-0728691E3059}.Debug.Test|x64.ActiveCfg = Debug.Test|x64
		{2916757D-E196-4859-B9B1-0728691E3059}.Debug.Test|x64.Build.0 = Debug.Test|x64
		{2916757D-E196-4859-B9B1-0728691E3059}.Debug|Win32.ActiveCfg = Debug|Win32
		{2916757D-E196-4859-B9B1-0728691E3059}.Debug|Win32.Build.0 = Debug|Win32
		{2916757D-E196-4859-B9B1-0728691E3059}.Debug|x64.ActiveCfg = Debug|x64
		{2916757D-E196-4859-B9B1-0728691E3059}.Debug|x64.Build.0 = Debug|x64
		{2916757D-E196-4859-B9B1-0728691E3059}.Release.Register|Win32.ActiveCfg = Release.Register|Win32
		{2916757D-E196-4859-B9B1-0728691E3059}.Release.Register|Win32.Build.0 = Release.Register|Win32
		{2916757D-E196-4859-B9B1-0728691E3059}.Release.Register|x64.ActiveCfg = Release.Register|x64
		{2916757D-E196-4859-B9B1-0728691E3059}.Release.Register|x64.Build.0 = Release.Register|x64
		{2916757D-E196-4859-B9B1-0728691E3059}.Release|Win32.ActiveCfg = Release|Win32
		{2916757D-E196-4859-B9B1-0728691E3059}.Release|Win32.Build.0 = Release|Win32
		{2916757D-E196-4859-B9B1-0728691E3059}.Release|x64.ActiveCfg = Release|x64
		{2916757D-E196-4859-B9B1-0728691E3059}.Release|x64.Build.0 = Release|x64
	EndGlobalSection
	GlobalSection(SolutionProperties) = preSolution
		HideSolutionNode = FALSE
	EndGlobalSection
EndGlobal
